// !$*UTF8*$!
{
	archiveVersion = 1;
	classes = {
	};
	objectVersion = 46;
	objects = {

/* Begin PBXBuildFile section */
		9D389E631AB18C88009B9AAB /* SSKeychain.m in Sources */ = {isa = PBXBuildFile; fileRef = 9D389E601AB18C88009B9AAB /* SSKeychain.m */; };
		9D389E641AB18C88009B9AAB /* SSKeychainQuery.m in Sources */ = {isa = PBXBuildFile; fileRef = 9D389E621AB18C88009B9AAB /* SSKeychainQuery.m */; };
		9D39DA8B1AB6C8760025F665 /* STTableViewCell.m in Sources */ = {isa = PBXBuildFile; fileRef = 9D39DA8A1AB6C8760025F665 /* STTableViewCell.m */; };
		9D4DEC421AB72779009D7886 /* STTapeTweetsDataSource.m in Sources */ = {isa = PBXBuildFile; fileRef = 9D4DEC3F1AB72779009D7886 /* STTapeTweetsDataSource.m */; };
		9D4DEC4B1AB7279A009D7886 /* STTapeTweetsDataSource_iPhone.m in Sources */ = {isa = PBXBuildFile; fileRef = 9D4DEC471AB7279A009D7886 /* STTapeTweetsDataSource_iPhone.m */; };
		9D4DEC821AB83347009D7886 /* STSearchDataSource.m in Sources */ = {isa = PBXBuildFile; fileRef = 9D4DEC7F1AB83347009D7886 /* STSearchDataSource.m */; };
		9D4DEC8A1AB8334F009D7886 /* STSearchDataSource_iPhone.m in Sources */ = {isa = PBXBuildFile; fileRef = 9D4DEC861AB8334F009D7886 /* STSearchDataSource_iPhone.m */; };
		9D4DEC901AB83695009D7886 /* STTweetsNibLoader.m in Sources */ = {isa = PBXBuildFile; fileRef = 9D4DEC8F1AB83695009D7886 /* STTweetsNibLoader.m */; };
		9D4DEC941AB836C2009D7886 /* STTweetsNibLoader_iPhone.m in Sources */ = {isa = PBXBuildFile; fileRef = 9D4DEC931AB836C2009D7886 /* STTweetsNibLoader_iPhone.m */; };
		9D4DEC971AB83723009D7886 /* STTapeTweetsTableCell.m in Sources */ = {isa = PBXBuildFile; fileRef = 9D4DEC961AB83723009D7886 /* STTapeTweetsTableCell.m */; };
		9D4DEC9B1AB83748009D7886 /* STTapeTweetsTableCell_iPhone.m in Sources */ = {isa = PBXBuildFile; fileRef = 9D4DEC991AB83748009D7886 /* STTapeTweetsTableCell_iPhone.m */; };
		9D4DEC9C1AB83748009D7886 /* STTapeTweetsTableCell_iPhone.xib in Resources */ = {isa = PBXBuildFile; fileRef = 9D4DEC9A1AB83748009D7886 /* STTapeTweetsTableCell_iPhone.xib */; };
		9D4DECA11AB84AD9009D7886 /* STFileManager.m in Sources */ = {isa = PBXBuildFile; fileRef = 9D4DECA01AB84AD9009D7886 /* STFileManager.m */; };
		9D4DECA71AB84EA8009D7886 /* STLocator.m in Sources */ = {isa = PBXBuildFile; fileRef = 9D4DECA61AB84EA8009D7886 /* STLocator.m */; };
		9D4F0B751A89FF1B0005E8C9 /* RIButtonItem.m in Sources */ = {isa = PBXBuildFile; fileRef = 9D4F0B6F1A89FF1B0005E8C9 /* RIButtonItem.m */; };
		9D4F0B761A89FF1B0005E8C9 /* UIActionSheet+Blocks.m in Sources */ = {isa = PBXBuildFile; fileRef = 9D4F0B711A89FF1B0005E8C9 /* UIActionSheet+Blocks.m */; };
		9D4F0B771A89FF1B0005E8C9 /* UIAlertView+Blocks.m in Sources */ = {isa = PBXBuildFile; fileRef = 9D4F0B731A89FF1B0005E8C9 /* UIAlertView+Blocks.m */; };
		9D51DD9B1A765BB2003E2D49 /* Localizable.strings in Resources */ = {isa = PBXBuildFile; fileRef = 9D51DD991A765BB2003E2D49 /* Localizable.strings */; };
		9D8373F01AB193DF004BE1D2 /* libFMDB.a in Frameworks */ = {isa = PBXBuildFile; fileRef = 9D389E9F1AB18F31009B9AAB /* libFMDB.a */; };
		9D8373F11AB193DF004BE1D2 /* libOAuthConsumer.a in Frameworks */ = {isa = PBXBuildFile; fileRef = 9D389EDB1AB191F5009B9AAB /* libOAuthConsumer.a */; };
		9D83744A1AB1AE5D004BE1D2 /* libsqlite3.dylib in Frameworks */ = {isa = PBXBuildFile; fileRef = 9D8374491AB1AE5D004BE1D2 /* libsqlite3.dylib */; };
		9D83744F1AB1B44C004BE1D2 /* STViewController.m in Sources */ = {isa = PBXBuildFile; fileRef = 9D83744E1AB1B44C004BE1D2 /* STViewController.m */; };
		9D8374611AB1BAF6004BE1D2 /* STSettingsViewController.m in Sources */ = {isa = PBXBuildFile; fileRef = 9D8374601AB1BAF6004BE1D2 /* STSettingsViewController.m */; };
		9D8374641AB1BB0D004BE1D2 /* STSettingsViewController_iPhone.m in Sources */ = {isa = PBXBuildFile; fileRef = 9D8374631AB1BB0D004BE1D2 /* STSettingsViewController_iPhone.m */; };
		9D8374671AB1BB1E004BE1D2 /* STSettingsViewController_iPad.m in Sources */ = {isa = PBXBuildFile; fileRef = 9D8374661AB1BB1E004BE1D2 /* STSettingsViewController_iPad.m */; };
		9D83746D1AB1BBDE004BE1D2 /* STRootTabBarController.m in Sources */ = {isa = PBXBuildFile; fileRef = 9D83746C1AB1BBDE004BE1D2 /* STRootTabBarController.m */; };
		9D8374701AB1BBF0004BE1D2 /* STRootTabBarController_iPhone.m in Sources */ = {isa = PBXBuildFile; fileRef = 9D83746F1AB1BBF0004BE1D2 /* STRootTabBarController_iPhone.m */; };
		9D8374731AB1BC0B004BE1D2 /* STRootTabBarController_iPad.m in Sources */ = {isa = PBXBuildFile; fileRef = 9D8374721AB1BC0B004BE1D2 /* STRootTabBarController_iPad.m */; };
		9D83748D1AB2D28A004BE1D2 /* STProfileViewController.m in Sources */ = {isa = PBXBuildFile; fileRef = 9D83748C1AB2D28A004BE1D2 /* STProfileViewController.m */; };
		9D8374901AB2D2E9004BE1D2 /* STProfileViewController_iPhone.m in Sources */ = {isa = PBXBuildFile; fileRef = 9D83748F1AB2D2E9004BE1D2 /* STProfileViewController_iPhone.m */; };
		9D8374931AB2D2F4004BE1D2 /* STProfileViewController_iPad.m in Sources */ = {isa = PBXBuildFile; fileRef = 9D8374921AB2D2F4004BE1D2 /* STProfileViewController_iPad.m */; };
		9D8374971AB2D880004BE1D2 /* STTapeTweetsViewController.m in Sources */ = {isa = PBXBuildFile; fileRef = 9D8374961AB2D880004BE1D2 /* STTapeTweetsViewController.m */; };
		9D83749B1AB2D8D2004BE1D2 /* STTapeTweetsViewController_iPhone.m in Sources */ = {isa = PBXBuildFile; fileRef = 9D83749A1AB2D8D2004BE1D2 /* STTapeTweetsViewController_iPhone.m */; };
		9D83749F1AB2D8E4004BE1D2 /* STTapeTweetsViewController_iPad.m in Sources */ = {isa = PBXBuildFile; fileRef = 9D83749E1AB2D8E4004BE1D2 /* STTapeTweetsViewController_iPad.m */; };
		9D8374A31AB2E314004BE1D2 /* STDataBaseStorage.m in Sources */ = {isa = PBXBuildFile; fileRef = 9D8374A21AB2E314004BE1D2 /* STDataBaseStorage.m */; };
		F10A87201AB9873600FD6F18 /* STAvatarManager.m in Sources */ = {isa = PBXBuildFile; fileRef = F10A871F1AB9873600FD6F18 /* STAvatarManager.m */; };
		F10A87281AB9B35300FD6F18 /* STProfileItem.m in Sources */ = {isa = PBXBuildFile; fileRef = F10A87271AB9B35300FD6F18 /* STProfileItem.m */; };
		F10A872C1AB9BAD900FD6F18 /* STSettingsItem.m in Sources */ = {isa = PBXBuildFile; fileRef = F10A872B1AB9BAD900FD6F18 /* STSettingsItem.m */; };
		F10A87331AB9BFC500FD6F18 /* STSettingsManager.m in Sources */ = {isa = PBXBuildFile; fileRef = F10A87321AB9BFC500FD6F18 /* STSettingsManager.m */; };
		F1C17A6E1AB551D400C00C4D /* STTokenStorage.m in Sources */ = {isa = PBXBuildFile; fileRef = F1C17A6D1AB551D400C00C4D /* STTokenStorage.m */; };
		F1C17A721AB551F900C00C4D /* STRequestManager.m in Sources */ = {isa = PBXBuildFile; fileRef = F1C17A711AB551F900C00C4D /* STRequestManager.m */; };
		F1C17A761AB5575400C00C4D /* STWebCore.m in Sources */ = {isa = PBXBuildFile; fileRef = F1C17A751AB5575400C00C4D /* STWebCore.m */; };
		F1C17A821AB6232F00C00C4D /* STTweet.m in Sources */ = {isa = PBXBuildFile; fileRef = F1C17A811AB6232F00C00C4D /* STTweet.m */; };
		F1C17A861AB632F900C00C4D /* STUser.m in Sources */ = {isa = PBXBuildFile; fileRef = F1C17A851AB632F900C00C4D /* STUser.m */; };
		F1D5649B1A6C6030002692BD /* SearchTweetsTests.m in Sources */ = {isa = PBXBuildFile; fileRef = F1D5649A1A6C6030002692BD /* SearchTweetsTests.m */; };
		F1D564BD1A6C614D002692BD /* main.m in Sources */ = {isa = PBXBuildFile; fileRef = F1D564AC1A6C614D002692BD /* main.m */; };
		F1D564C01A6C614D002692BD /* Images.xcassets in Resources */ = {isa = PBXBuildFile; fileRef = F1D564B21A6C614D002692BD /* Images.xcassets */; };
		F1D564C11A6C614D002692BD /* AppDelegate.m in Sources */ = {isa = PBXBuildFile; fileRef = F1D564B51A6C614D002692BD /* AppDelegate.m */; };
		F1D564C41A6C62DA002692BD /* Storyboard_iPhone.storyboard in Resources */ = {isa = PBXBuildFile; fileRef = F1D564C31A6C62DA002692BD /* Storyboard_iPhone.storyboard */; };
		F1D564C61A6C62E1002692BD /* Storyboard_iPad.storyboard in Resources */ = {isa = PBXBuildFile; fileRef = F1D564C51A6C62E1002692BD /* Storyboard_iPad.storyboard */; };
		F1D564ED1A6C68EE002692BD /* STAvtorizationViewController.m in Sources */ = {isa = PBXBuildFile; fileRef = F1D564EC1A6C68EE002692BD /* STAvtorizationViewController.m */; };
		F1D564F31A6C69B8002692BD /* STAvtorizationViewController_iPhone.m in Sources */ = {isa = PBXBuildFile; fileRef = F1D564F21A6C69B8002692BD /* STAvtorizationViewController_iPhone.m */; };
		F1D564F91A6C6A2E002692BD /* STAvtorizationViewController_iPad.m in Sources */ = {isa = PBXBuildFile; fileRef = F1D564F81A6C6A2E002692BD /* STAvtorizationViewController_iPad.m */; };
		F1D565161A6D923C002692BD /* STNavigationController.m in Sources */ = {isa = PBXBuildFile; fileRef = F1D565151A6D923C002692BD /* STNavigationController.m */; };
		F1D5651B1A6D92E0002692BD /* STNavigationController_iPad.m in Sources */ = {isa = PBXBuildFile; fileRef = F1D5651A1A6D92E0002692BD /* STNavigationController_iPad.m */; };
		F1D5651E1A6D92F2002692BD /* STNavigationController_iPhone.m in Sources */ = {isa = PBXBuildFile; fileRef = F1D5651D1A6D92F2002692BD /* STNavigationController_iPhone.m */; };
/* End PBXBuildFile section */

/* Begin PBXContainerItemProxy section */
		9D389E9E1AB18F31009B9AAB /* PBXContainerItemProxy */ = {
			isa = PBXContainerItemProxy;
			containerPortal = 9D389E991AB18F30009B9AAB /* FMDB.xcodeproj */;
			proxyType = 2;
			remoteGlobalIDString = 9D389E7F1AB18F30009B9AAB;
			remoteInfo = FMDB;
		};
		9D389EA01AB18F31009B9AAB /* PBXContainerItemProxy */ = {
			isa = PBXContainerItemProxy;
			containerPortal = 9D389E991AB18F30009B9AAB /* FMDB.xcodeproj */;
			proxyType = 2;
			remoteGlobalIDString = 9D389E8A1AB18F30009B9AAB;
			remoteInfo = FMDBTests;
		};
		9D389EDA1AB191F5009B9AAB /* PBXContainerItemProxy */ = {
			isa = PBXContainerItemProxy;
			containerPortal = 9D389ED51AB191F4009B9AAB /* OAuthConsumer.xcodeproj */;
			proxyType = 2;
			remoteGlobalIDString = 9D389EBB1AB191F4009B9AAB;
			remoteInfo = OAuthConsumer;
		};
		9D389EDC1AB191F5009B9AAB /* PBXContainerItemProxy */ = {
			isa = PBXContainerItemProxy;
			containerPortal = 9D389ED51AB191F4009B9AAB /* OAuthConsumer.xcodeproj */;
			proxyType = 2;
			remoteGlobalIDString = 9D389EC61AB191F4009B9AAB;
			remoteInfo = OAuthConsumerTests;
		};
		9D8373F21AB193E9004BE1D2 /* PBXContainerItemProxy */ = {
			isa = PBXContainerItemProxy;
			containerPortal = 9D389E991AB18F30009B9AAB /* FMDB.xcodeproj */;
			proxyType = 1;
			remoteGlobalIDString = 9D389E7E1AB18F30009B9AAB;
			remoteInfo = FMDB;
		};
		9D8373F41AB193E9004BE1D2 /* PBXContainerItemProxy */ = {
			isa = PBXContainerItemProxy;
			containerPortal = 9D389ED51AB191F4009B9AAB /* OAuthConsumer.xcodeproj */;
			proxyType = 1;
			remoteGlobalIDString = 9D389EBA1AB191F4009B9AAB;
			remoteInfo = OAuthConsumer;
		};
		F1D564951A6C6030002692BD /* PBXContainerItemProxy */ = {
			isa = PBXContainerItemProxy;
			containerPortal = F1D564701A6C6030002692BD /* Project object */;
			proxyType = 1;
			remoteGlobalIDString = F1D564771A6C6030002692BD;
			remoteInfo = SearchTweets;
		};
/* End PBXContainerItemProxy section */

/* Begin PBXFileReference section */
		9D389E5F1AB18C88009B9AAB /* SSKeychain.h */ = {isa = PBXFileReference; fileEncoding = 4; lastKnownFileType = sourcecode.c.h; path = SSKeychain.h; sourceTree = "<group>"; };
		9D389E601AB18C88009B9AAB /* SSKeychain.m */ = {isa = PBXFileReference; fileEncoding = 4; lastKnownFileType = sourcecode.c.objc; path = SSKeychain.m; sourceTree = "<group>"; };
		9D389E611AB18C88009B9AAB /* SSKeychainQuery.h */ = {isa = PBXFileReference; fileEncoding = 4; lastKnownFileType = sourcecode.c.h; path = SSKeychainQuery.h; sourceTree = "<group>"; };
		9D389E621AB18C88009B9AAB /* SSKeychainQuery.m */ = {isa = PBXFileReference; fileEncoding = 4; lastKnownFileType = sourcecode.c.objc; path = SSKeychainQuery.m; sourceTree = "<group>"; };
		9D389E991AB18F30009B9AAB /* FMDB.xcodeproj */ = {isa = PBXFileReference; lastKnownFileType = "wrapper.pb-project"; name = FMDB.xcodeproj; path = FMDB/FMDB.xcodeproj; sourceTree = "<group>"; };
		9D389ED51AB191F4009B9AAB /* OAuthConsumer.xcodeproj */ = {isa = PBXFileReference; lastKnownFileType = "wrapper.pb-project"; name = OAuthConsumer.xcodeproj; path = OAuthConsumer/OAuthConsumer.xcodeproj; sourceTree = "<group>"; };
		9D39DA891AB6C8760025F665 /* STTableViewCell.h */ = {isa = PBXFileReference; fileEncoding = 4; lastKnownFileType = sourcecode.c.h; path = STTableViewCell.h; sourceTree = "<group>"; };
		9D39DA8A1AB6C8760025F665 /* STTableViewCell.m */ = {isa = PBXFileReference; fileEncoding = 4; lastKnownFileType = sourcecode.c.objc; path = STTableViewCell.m; sourceTree = "<group>"; };
		9D4DEC3E1AB72779009D7886 /* STTapeTweetsDataSource.h */ = {isa = PBXFileReference; fileEncoding = 4; lastKnownFileType = sourcecode.c.h; path = STTapeTweetsDataSource.h; sourceTree = "<group>"; };
		9D4DEC3F1AB72779009D7886 /* STTapeTweetsDataSource.m */ = {isa = PBXFileReference; fileEncoding = 4; lastKnownFileType = sourcecode.c.objc; path = STTapeTweetsDataSource.m; sourceTree = "<group>"; };
		9D4DEC461AB7279A009D7886 /* STTapeTweetsDataSource_iPhone.h */ = {isa = PBXFileReference; fileEncoding = 4; lastKnownFileType = sourcecode.c.h; path = STTapeTweetsDataSource_iPhone.h; sourceTree = "<group>"; };
		9D4DEC471AB7279A009D7886 /* STTapeTweetsDataSource_iPhone.m */ = {isa = PBXFileReference; fileEncoding = 4; lastKnownFileType = sourcecode.c.objc; path = STTapeTweetsDataSource_iPhone.m; sourceTree = "<group>"; };
		9D4DEC761AB81E35009D7886 /* STImageDownloaderProtocol.h */ = {isa = PBXFileReference; fileEncoding = 4; lastKnownFileType = sourcecode.c.h; path = STImageDownloaderProtocol.h; sourceTree = "<group>"; };
		9D4DEC7E1AB83347009D7886 /* STSearchDataSource.h */ = {isa = PBXFileReference; fileEncoding = 4; lastKnownFileType = sourcecode.c.h; path = STSearchDataSource.h; sourceTree = "<group>"; };
		9D4DEC7F1AB83347009D7886 /* STSearchDataSource.m */ = {isa = PBXFileReference; fileEncoding = 4; lastKnownFileType = sourcecode.c.objc; path = STSearchDataSource.m; sourceTree = "<group>"; };
		9D4DEC851AB8334F009D7886 /* STSearchDataSource_iPhone.h */ = {isa = PBXFileReference; fileEncoding = 4; lastKnownFileType = sourcecode.c.h; path = STSearchDataSource_iPhone.h; sourceTree = "<group>"; };
		9D4DEC861AB8334F009D7886 /* STSearchDataSource_iPhone.m */ = {isa = PBXFileReference; fileEncoding = 4; lastKnownFileType = sourcecode.c.objc; path = STSearchDataSource_iPhone.m; sourceTree = "<group>"; };
		9D4DEC8E1AB83695009D7886 /* STTweetsNibLoader.h */ = {isa = PBXFileReference; fileEncoding = 4; lastKnownFileType = sourcecode.c.h; path = STTweetsNibLoader.h; sourceTree = "<group>"; };
		9D4DEC8F1AB83695009D7886 /* STTweetsNibLoader.m */ = {isa = PBXFileReference; fileEncoding = 4; lastKnownFileType = sourcecode.c.objc; path = STTweetsNibLoader.m; sourceTree = "<group>"; };
		9D4DEC921AB836C2009D7886 /* STTweetsNibLoader_iPhone.h */ = {isa = PBXFileReference; fileEncoding = 4; lastKnownFileType = sourcecode.c.h; path = STTweetsNibLoader_iPhone.h; sourceTree = "<group>"; };
		9D4DEC931AB836C2009D7886 /* STTweetsNibLoader_iPhone.m */ = {isa = PBXFileReference; fileEncoding = 4; lastKnownFileType = sourcecode.c.objc; path = STTweetsNibLoader_iPhone.m; sourceTree = "<group>"; };
		9D4DEC951AB83723009D7886 /* STTapeTweetsTableCell.h */ = {isa = PBXFileReference; fileEncoding = 4; lastKnownFileType = sourcecode.c.h; path = STTapeTweetsTableCell.h; sourceTree = "<group>"; };
		9D4DEC961AB83723009D7886 /* STTapeTweetsTableCell.m */ = {isa = PBXFileReference; fileEncoding = 4; lastKnownFileType = sourcecode.c.objc; path = STTapeTweetsTableCell.m; sourceTree = "<group>"; };
		9D4DEC981AB83748009D7886 /* STTapeTweetsTableCell_iPhone.h */ = {isa = PBXFileReference; fileEncoding = 4; lastKnownFileType = sourcecode.c.h; path = STTapeTweetsTableCell_iPhone.h; sourceTree = "<group>"; };
		9D4DEC991AB83748009D7886 /* STTapeTweetsTableCell_iPhone.m */ = {isa = PBXFileReference; fileEncoding = 4; lastKnownFileType = sourcecode.c.objc; path = STTapeTweetsTableCell_iPhone.m; sourceTree = "<group>"; };
		9D4DEC9A1AB83748009D7886 /* STTapeTweetsTableCell_iPhone.xib */ = {isa = PBXFileReference; fileEncoding = 4; lastKnownFileType = file.xib; path = STTapeTweetsTableCell_iPhone.xib; sourceTree = "<group>"; };
		9D4DEC9F1AB84AD9009D7886 /* STFileManager.h */ = {isa = PBXFileReference; fileEncoding = 4; lastKnownFileType = sourcecode.c.h; path = STFileManager.h; sourceTree = "<group>"; };
		9D4DECA01AB84AD9009D7886 /* STFileManager.m */ = {isa = PBXFileReference; fileEncoding = 4; lastKnownFileType = sourcecode.c.objc; path = STFileManager.m; sourceTree = "<group>"; };
		9D4DECA21AB84DD7009D7886 /* STFileManagerProtocol.h */ = {isa = PBXFileReference; fileEncoding = 4; lastKnownFileType = sourcecode.c.h; path = STFileManagerProtocol.h; sourceTree = "<group>"; };
		9D4DECA31AB84E34009D7886 /* STDataBaseStrorageProtocol.h */ = {isa = PBXFileReference; fileEncoding = 4; lastKnownFileType = sourcecode.c.h; path = STDataBaseStrorageProtocol.h; sourceTree = "<group>"; };
		9D4DECA51AB84EA8009D7886 /* STLocator.h */ = {isa = PBXFileReference; fileEncoding = 4; lastKnownFileType = sourcecode.c.h; path = STLocator.h; sourceTree = "<group>"; };
		9D4DECA61AB84EA8009D7886 /* STLocator.m */ = {isa = PBXFileReference; fileEncoding = 4; lastKnownFileType = sourcecode.c.objc; path = STLocator.m; sourceTree = "<group>"; };
		9D4DECA81AB850A1009D7886 /* STAvtorizationManagerProtocol.h */ = {isa = PBXFileReference; fileEncoding = 4; lastKnownFileType = sourcecode.c.h; path = STAvtorizationManagerProtocol.h; sourceTree = "<group>"; };
		9D4DECA91AB851C3009D7886 /* STTweetsAPIProtocol.h */ = {isa = PBXFileReference; fileEncoding = 4; lastKnownFileType = sourcecode.c.h; path = STTweetsAPIProtocol.h; sourceTree = "<group>"; };
		9D4F0B6B1A89F8910005E8C9 /* STAPIConstans.h */ = {isa = PBXFileReference; lastKnownFileType = sourcecode.c.h; path = STAPIConstans.h; sourceTree = "<group>"; };
		9D4F0B6D1A89FF1B0005E8C9 /* README.md */ = {isa = PBXFileReference; fileEncoding = 4; lastKnownFileType = net.daringfireball.markdown; path = README.md; sourceTree = "<group>"; };
		9D4F0B6E1A89FF1B0005E8C9 /* RIButtonItem.h */ = {isa = PBXFileReference; fileEncoding = 4; lastKnownFileType = sourcecode.c.h; path = RIButtonItem.h; sourceTree = "<group>"; };
		9D4F0B6F1A89FF1B0005E8C9 /* RIButtonItem.m */ = {isa = PBXFileReference; fileEncoding = 4; lastKnownFileType = sourcecode.c.objc; path = RIButtonItem.m; sourceTree = "<group>"; };
		9D4F0B701A89FF1B0005E8C9 /* UIActionSheet+Blocks.h */ = {isa = PBXFileReference; fileEncoding = 4; lastKnownFileType = sourcecode.c.h; path = "UIActionSheet+Blocks.h"; sourceTree = "<group>"; };
		9D4F0B711A89FF1B0005E8C9 /* UIActionSheet+Blocks.m */ = {isa = PBXFileReference; fileEncoding = 4; lastKnownFileType = sourcecode.c.objc; path = "UIActionSheet+Blocks.m"; sourceTree = "<group>"; };
		9D4F0B721A89FF1B0005E8C9 /* UIAlertView+Blocks.h */ = {isa = PBXFileReference; fileEncoding = 4; lastKnownFileType = sourcecode.c.h; path = "UIAlertView+Blocks.h"; sourceTree = "<group>"; };
		9D4F0B731A89FF1B0005E8C9 /* UIAlertView+Blocks.m */ = {isa = PBXFileReference; fileEncoding = 4; lastKnownFileType = sourcecode.c.objc; path = "UIAlertView+Blocks.m"; sourceTree = "<group>"; };
		9D51DD9A1A765BB2003E2D49 /* en */ = {isa = PBXFileReference; lastKnownFileType = text.plist.strings; name = en; path = en.lproj/Localizable.strings; sourceTree = "<group>"; };
		9D51DD9C1A765BBE003E2D49 /* ru */ = {isa = PBXFileReference; lastKnownFileType = text.plist.strings; name = ru; path = ru.lproj/Localizable.strings; sourceTree = "<group>"; };
		9D51DD9E1A765C6B003E2D49 /* STMacros.h */ = {isa = PBXFileReference; lastKnownFileType = sourcecode.c.h; path = STMacros.h; sourceTree = "<group>"; };
		9D51DD9F1A765D12003E2D49 /* SearchTweets-Prefix.pch */ = {isa = PBXFileReference; fileEncoding = 4; lastKnownFileType = sourcecode.c.h; path = "SearchTweets-Prefix.pch"; sourceTree = "<group>"; };
		9D8374491AB1AE5D004BE1D2 /* libsqlite3.dylib */ = {isa = PBXFileReference; lastKnownFileType = "compiled.mach-o.dylib"; name = libsqlite3.dylib; path = usr/lib/libsqlite3.dylib; sourceTree = SDKROOT; };
		9D83744D1AB1B44C004BE1D2 /* STViewController.h */ = {isa = PBXFileReference; fileEncoding = 4; lastKnownFileType = sourcecode.c.h; path = STViewController.h; sourceTree = "<group>"; };
		9D83744E1AB1B44C004BE1D2 /* STViewController.m */ = {isa = PBXFileReference; fileEncoding = 4; lastKnownFileType = sourcecode.c.objc; path = STViewController.m; sourceTree = "<group>"; };
		9D83745F1AB1BAF6004BE1D2 /* STSettingsViewController.h */ = {isa = PBXFileReference; fileEncoding = 4; lastKnownFileType = sourcecode.c.h; path = STSettingsViewController.h; sourceTree = "<group>"; };
		9D8374601AB1BAF6004BE1D2 /* STSettingsViewController.m */ = {isa = PBXFileReference; fileEncoding = 4; lastKnownFileType = sourcecode.c.objc; path = STSettingsViewController.m; sourceTree = "<group>"; };
		9D8374621AB1BB0D004BE1D2 /* STSettingsViewController_iPhone.h */ = {isa = PBXFileReference; fileEncoding = 4; lastKnownFileType = sourcecode.c.h; path = STSettingsViewController_iPhone.h; sourceTree = "<group>"; };
		9D8374631AB1BB0D004BE1D2 /* STSettingsViewController_iPhone.m */ = {isa = PBXFileReference; fileEncoding = 4; lastKnownFileType = sourcecode.c.objc; path = STSettingsViewController_iPhone.m; sourceTree = "<group>"; };
		9D8374651AB1BB1E004BE1D2 /* STSettingsViewController_iPad.h */ = {isa = PBXFileReference; fileEncoding = 4; lastKnownFileType = sourcecode.c.h; path = STSettingsViewController_iPad.h; sourceTree = "<group>"; };
		9D8374661AB1BB1E004BE1D2 /* STSettingsViewController_iPad.m */ = {isa = PBXFileReference; fileEncoding = 4; lastKnownFileType = sourcecode.c.objc; path = STSettingsViewController_iPad.m; sourceTree = "<group>"; };
		9D83746B1AB1BBDE004BE1D2 /* STRootTabBarController.h */ = {isa = PBXFileReference; fileEncoding = 4; lastKnownFileType = sourcecode.c.h; path = STRootTabBarController.h; sourceTree = "<group>"; };
		9D83746C1AB1BBDE004BE1D2 /* STRootTabBarController.m */ = {isa = PBXFileReference; fileEncoding = 4; lastKnownFileType = sourcecode.c.objc; path = STRootTabBarController.m; sourceTree = "<group>"; };
		9D83746E1AB1BBF0004BE1D2 /* STRootTabBarController_iPhone.h */ = {isa = PBXFileReference; fileEncoding = 4; lastKnownFileType = sourcecode.c.h; path = STRootTabBarController_iPhone.h; sourceTree = "<group>"; };
		9D83746F1AB1BBF0004BE1D2 /* STRootTabBarController_iPhone.m */ = {isa = PBXFileReference; fileEncoding = 4; lastKnownFileType = sourcecode.c.objc; path = STRootTabBarController_iPhone.m; sourceTree = "<group>"; };
		9D8374711AB1BC0B004BE1D2 /* STRootTabBarController_iPad.h */ = {isa = PBXFileReference; fileEncoding = 4; lastKnownFileType = sourcecode.c.h; path = STRootTabBarController_iPad.h; sourceTree = "<group>"; };
		9D8374721AB1BC0B004BE1D2 /* STRootTabBarController_iPad.m */ = {isa = PBXFileReference; fileEncoding = 4; lastKnownFileType = sourcecode.c.objc; path = STRootTabBarController_iPad.m; sourceTree = "<group>"; };
		9D8374821AB2D144004BE1D2 /* STTweetListViewController_iPhone.h */ = {isa = PBXFileReference; fileEncoding = 4; lastKnownFileType = sourcecode.c.h; path = STTweetListViewController_iPhone.h; sourceTree = "<group>"; };
		9D8374831AB2D144004BE1D2 /* STTweetListViewController_iPhone.m */ = {isa = PBXFileReference; fileEncoding = 4; lastKnownFileType = sourcecode.c.objc; path = STTweetListViewController_iPhone.m; sourceTree = "<group>"; };
		9D8374851AB2D153004BE1D2 /* STTweetListViewController_iPad.h */ = {isa = PBXFileReference; fileEncoding = 4; lastKnownFileType = sourcecode.c.h; path = STTweetListViewController_iPad.h; sourceTree = "<group>"; };
		9D8374861AB2D153004BE1D2 /* STTweetListViewController_iPad.m */ = {isa = PBXFileReference; fileEncoding = 4; lastKnownFileType = sourcecode.c.objc; path = STTweetListViewController_iPad.m; sourceTree = "<group>"; };
		9D83748B1AB2D28A004BE1D2 /* STProfileViewController.h */ = {isa = PBXFileReference; fileEncoding = 4; lastKnownFileType = sourcecode.c.h; path = STProfileViewController.h; sourceTree = "<group>"; };
		9D83748C1AB2D28A004BE1D2 /* STProfileViewController.m */ = {isa = PBXFileReference; fileEncoding = 4; lastKnownFileType = sourcecode.c.objc; path = STProfileViewController.m; sourceTree = "<group>"; };
		9D83748E1AB2D2E9004BE1D2 /* STProfileViewController_iPhone.h */ = {isa = PBXFileReference; fileEncoding = 4; lastKnownFileType = sourcecode.c.h; path = STProfileViewController_iPhone.h; sourceTree = "<group>"; };
		9D83748F1AB2D2E9004BE1D2 /* STProfileViewController_iPhone.m */ = {isa = PBXFileReference; fileEncoding = 4; lastKnownFileType = sourcecode.c.objc; path = STProfileViewController_iPhone.m; sourceTree = "<group>"; };
		9D8374911AB2D2F4004BE1D2 /* STProfileViewController_iPad.h */ = {isa = PBXFileReference; fileEncoding = 4; lastKnownFileType = sourcecode.c.h; path = STProfileViewController_iPad.h; sourceTree = "<group>"; };
		9D8374921AB2D2F4004BE1D2 /* STProfileViewController_iPad.m */ = {isa = PBXFileReference; fileEncoding = 4; lastKnownFileType = sourcecode.c.objc; path = STProfileViewController_iPad.m; sourceTree = "<group>"; };
		9D8374951AB2D880004BE1D2 /* STTapeTweetsViewController.h */ = {isa = PBXFileReference; fileEncoding = 4; lastKnownFileType = sourcecode.c.h; path = STTapeTweetsViewController.h; sourceTree = "<group>"; };
		9D8374961AB2D880004BE1D2 /* STTapeTweetsViewController.m */ = {isa = PBXFileReference; fileEncoding = 4; lastKnownFileType = sourcecode.c.objc; path = STTapeTweetsViewController.m; sourceTree = "<group>"; };
		9D8374991AB2D8D2004BE1D2 /* STTapeTweetsViewController_iPhone.h */ = {isa = PBXFileReference; fileEncoding = 4; lastKnownFileType = sourcecode.c.h; path = STTapeTweetsViewController_iPhone.h; sourceTree = "<group>"; };
		9D83749A1AB2D8D2004BE1D2 /* STTapeTweetsViewController_iPhone.m */ = {isa = PBXFileReference; fileEncoding = 4; lastKnownFileType = sourcecode.c.objc; path = STTapeTweetsViewController_iPhone.m; sourceTree = "<group>"; };
		9D83749D1AB2D8E4004BE1D2 /* STTapeTweetsViewController_iPad.h */ = {isa = PBXFileReference; fileEncoding = 4; lastKnownFileType = sourcecode.c.h; path = STTapeTweetsViewController_iPad.h; sourceTree = "<group>"; };
		9D83749E1AB2D8E4004BE1D2 /* STTapeTweetsViewController_iPad.m */ = {isa = PBXFileReference; fileEncoding = 4; lastKnownFileType = sourcecode.c.objc; path = STTapeTweetsViewController_iPad.m; sourceTree = "<group>"; };
		9D8374A11AB2E314004BE1D2 /* STDataBaseStorage.h */ = {isa = PBXFileReference; fileEncoding = 4; lastKnownFileType = sourcecode.c.h; path = STDataBaseStorage.h; sourceTree = "<group>"; };
		9D8374A21AB2E314004BE1D2 /* STDataBaseStorage.m */ = {isa = PBXFileReference; fileEncoding = 4; lastKnownFileType = sourcecode.c.objc; path = STDataBaseStorage.m; sourceTree = "<group>"; };
		F10A871E1AB9873600FD6F18 /* STAvatarManager.h */ = {isa = PBXFileReference; fileEncoding = 4; lastKnownFileType = sourcecode.c.h; path = STAvatarManager.h; sourceTree = "<group>"; };
		F10A871F1AB9873600FD6F18 /* STAvatarManager.m */ = {isa = PBXFileReference; fileEncoding = 4; lastKnownFileType = sourcecode.c.objc; path = STAvatarManager.m; sourceTree = "<group>"; };
		F10A87211AB987DB00FD6F18 /* STAvatarManagerProtocol.h */ = {isa = PBXFileReference; fileEncoding = 4; lastKnownFileType = sourcecode.c.h; path = STAvatarManagerProtocol.h; sourceTree = "<group>"; };
		F10A87261AB9B35300FD6F18 /* STProfileItem.h */ = {isa = PBXFileReference; fileEncoding = 4; lastKnownFileType = sourcecode.c.h; path = STProfileItem.h; sourceTree = "<group>"; };
		F10A87271AB9B35300FD6F18 /* STProfileItem.m */ = {isa = PBXFileReference; fileEncoding = 4; lastKnownFileType = sourcecode.c.objc; path = STProfileItem.m; sourceTree = "<group>"; };
		F10A872A1AB9BAD900FD6F18 /* STSettingsItem.h */ = {isa = PBXFileReference; fileEncoding = 4; lastKnownFileType = sourcecode.c.h; path = STSettingsItem.h; sourceTree = "<group>"; };
		F10A872B1AB9BAD900FD6F18 /* STSettingsItem.m */ = {isa = PBXFileReference; fileEncoding = 4; lastKnownFileType = sourcecode.c.objc; path = STSettingsItem.m; sourceTree = "<group>"; };
		F10A87311AB9BFC500FD6F18 /* STSettingsManager.h */ = {isa = PBXFileReference; fileEncoding = 4; lastKnownFileType = sourcecode.c.h; path = STSettingsManager.h; sourceTree = "<group>"; };
		F10A87321AB9BFC500FD6F18 /* STSettingsManager.m */ = {isa = PBXFileReference; fileEncoding = 4; lastKnownFileType = sourcecode.c.objc; path = STSettingsManager.m; sourceTree = "<group>"; };
		F10A87341AB9C07000FD6F18 /* STSettingsManagerProtocol.h */ = {isa = PBXFileReference; fileEncoding = 4; lastKnownFileType = sourcecode.c.h; path = STSettingsManagerProtocol.h; sourceTree = "<group>"; };
		F10A87351AB9D0C300FD6F18 /* STNotificationsKey.h */ = {isa = PBXFileReference; lastKnownFileType = sourcecode.c.h; path = STNotificationsKey.h; sourceTree = "<group>"; };
		F1C17A691AB4540B00C00C4D /* libcommonCrypto.dylib */ = {isa = PBXFileReference; lastKnownFileType = "compiled.mach-o.dylib"; name = libcommonCrypto.dylib; path = usr/lib/system/libcommonCrypto.dylib; sourceTree = SDKROOT; };
		F1C17A6C1AB551D400C00C4D /* STTokenStorage.h */ = {isa = PBXFileReference; fileEncoding = 4; lastKnownFileType = sourcecode.c.h; path = STTokenStorage.h; sourceTree = "<group>"; };
		F1C17A6D1AB551D400C00C4D /* STTokenStorage.m */ = {isa = PBXFileReference; fileEncoding = 4; lastKnownFileType = sourcecode.c.objc; path = STTokenStorage.m; sourceTree = "<group>"; };
		F1C17A701AB551F900C00C4D /* STRequestManager.h */ = {isa = PBXFileReference; fileEncoding = 4; lastKnownFileType = sourcecode.c.h; path = STRequestManager.h; sourceTree = "<group>"; };
		F1C17A711AB551F900C00C4D /* STRequestManager.m */ = {isa = PBXFileReference; fileEncoding = 4; lastKnownFileType = sourcecode.c.objc; path = STRequestManager.m; sourceTree = "<group>"; };
		F1C17A741AB5575400C00C4D /* STWebCore.h */ = {isa = PBXFileReference; fileEncoding = 4; lastKnownFileType = sourcecode.c.h; path = STWebCore.h; sourceTree = "<group>"; };
		F1C17A751AB5575400C00C4D /* STWebCore.m */ = {isa = PBXFileReference; fileEncoding = 4; lastKnownFileType = sourcecode.c.objc; path = STWebCore.m; sourceTree = "<group>"; };
		F1C17A801AB6232F00C00C4D /* STTweet.h */ = {isa = PBXFileReference; fileEncoding = 4; lastKnownFileType = sourcecode.c.h; path = STTweet.h; sourceTree = "<group>"; };
		F1C17A811AB6232F00C00C4D /* STTweet.m */ = {isa = PBXFileReference; fileEncoding = 4; lastKnownFileType = sourcecode.c.objc; path = STTweet.m; sourceTree = "<group>"; };
		F1C17A841AB632F900C00C4D /* STUser.h */ = {isa = PBXFileReference; fileEncoding = 4; lastKnownFileType = sourcecode.c.h; path = STUser.h; sourceTree = "<group>"; };
		F1C17A851AB632F900C00C4D /* STUser.m */ = {isa = PBXFileReference; fileEncoding = 4; lastKnownFileType = sourcecode.c.objc; path = STUser.m; sourceTree = "<group>"; };
		F1D564781A6C6030002692BD /* SearchTweets.app */ = {isa = PBXFileReference; explicitFileType = wrapper.application; includeInIndex = 0; path = SearchTweets.app; sourceTree = BUILT_PRODUCTS_DIR; };
		F1D564941A6C6030002692BD /* SearchTweetsTests.xctest */ = {isa = PBXFileReference; explicitFileType = wrapper.cfbundle; includeInIndex = 0; path = SearchTweetsTests.xctest; sourceTree = BUILT_PRODUCTS_DIR; };
		F1D564991A6C6030002692BD /* Info.plist */ = {isa = PBXFileReference; lastKnownFileType = text.plist.xml; path = Info.plist; sourceTree = "<group>"; };
		F1D5649A1A6C6030002692BD /* SearchTweetsTests.m */ = {isa = PBXFileReference; lastKnownFileType = sourcecode.c.objc; path = SearchTweetsTests.m; sourceTree = "<group>"; };
		F1D564AB1A6C614D002692BD /* Info.plist */ = {isa = PBXFileReference; fileEncoding = 4; lastKnownFileType = text.plist.xml; path = Info.plist; sourceTree = "<group>"; };
		F1D564AC1A6C614D002692BD /* main.m */ = {isa = PBXFileReference; fileEncoding = 4; lastKnownFileType = sourcecode.c.objc; path = main.m; sourceTree = "<group>"; };
		F1D564B21A6C614D002692BD /* Images.xcassets */ = {isa = PBXFileReference; lastKnownFileType = folder.assetcatalog; path = Images.xcassets; sourceTree = "<group>"; };
		F1D564B41A6C614D002692BD /* AppDelegate.h */ = {isa = PBXFileReference; fileEncoding = 4; lastKnownFileType = sourcecode.c.h; path = AppDelegate.h; sourceTree = "<group>"; };
		F1D564B51A6C614D002692BD /* AppDelegate.m */ = {isa = PBXFileReference; fileEncoding = 4; lastKnownFileType = sourcecode.c.objc; path = AppDelegate.m; sourceTree = "<group>"; };
		F1D564C31A6C62DA002692BD /* Storyboard_iPhone.storyboard */ = {isa = PBXFileReference; fileEncoding = 4; lastKnownFileType = file.storyboard; path = Storyboard_iPhone.storyboard; sourceTree = "<group>"; };
		F1D564C51A6C62E1002692BD /* Storyboard_iPad.storyboard */ = {isa = PBXFileReference; fileEncoding = 4; lastKnownFileType = file.storyboard; path = Storyboard_iPad.storyboard; sourceTree = "<group>"; };
		F1D564EB1A6C68EE002692BD /* STAvtorizationViewController.h */ = {isa = PBXFileReference; fileEncoding = 4; lastKnownFileType = sourcecode.c.h; path = STAvtorizationViewController.h; sourceTree = "<group>"; };
		F1D564EC1A6C68EE002692BD /* STAvtorizationViewController.m */ = {isa = PBXFileReference; fileEncoding = 4; lastKnownFileType = sourcecode.c.objc; path = STAvtorizationViewController.m; sourceTree = "<group>"; };
		F1D564F11A6C69B8002692BD /* STAvtorizationViewController_iPhone.h */ = {isa = PBXFileReference; fileEncoding = 4; lastKnownFileType = sourcecode.c.h; path = STAvtorizationViewController_iPhone.h; sourceTree = "<group>"; };
		F1D564F21A6C69B8002692BD /* STAvtorizationViewController_iPhone.m */ = {isa = PBXFileReference; fileEncoding = 4; lastKnownFileType = sourcecode.c.objc; path = STAvtorizationViewController_iPhone.m; sourceTree = "<group>"; };
		F1D564F71A6C6A2E002692BD /* STAvtorizationViewController_iPad.h */ = {isa = PBXFileReference; fileEncoding = 4; lastKnownFileType = sourcecode.c.h; path = STAvtorizationViewController_iPad.h; sourceTree = "<group>"; };
		F1D564F81A6C6A2E002692BD /* STAvtorizationViewController_iPad.m */ = {isa = PBXFileReference; fileEncoding = 4; lastKnownFileType = sourcecode.c.objc; path = STAvtorizationViewController_iPad.m; sourceTree = "<group>"; };
		F1D565141A6D923C002692BD /* STNavigationController.h */ = {isa = PBXFileReference; fileEncoding = 4; lastKnownFileType = sourcecode.c.h; path = STNavigationController.h; sourceTree = "<group>"; };
		F1D565151A6D923C002692BD /* STNavigationController.m */ = {isa = PBXFileReference; fileEncoding = 4; lastKnownFileType = sourcecode.c.objc; path = STNavigationController.m; sourceTree = "<group>"; };
		F1D565191A6D92E0002692BD /* STNavigationController_iPad.h */ = {isa = PBXFileReference; fileEncoding = 4; lastKnownFileType = sourcecode.c.h; path = STNavigationController_iPad.h; sourceTree = "<group>"; };
		F1D5651A1A6D92E0002692BD /* STNavigationController_iPad.m */ = {isa = PBXFileReference; fileEncoding = 4; lastKnownFileType = sourcecode.c.objc; path = STNavigationController_iPad.m; sourceTree = "<group>"; };
		F1D5651C1A6D92F2002692BD /* STNavigationController_iPhone.h */ = {isa = PBXFileReference; fileEncoding = 4; lastKnownFileType = sourcecode.c.h; path = STNavigationController_iPhone.h; sourceTree = "<group>"; };
		F1D5651D1A6D92F2002692BD /* STNavigationController_iPhone.m */ = {isa = PBXFileReference; fileEncoding = 4; lastKnownFileType = sourcecode.c.objc; path = STNavigationController_iPhone.m; sourceTree = "<group>"; };
		F1D565201A6D96BF002692BD /* STSegueID.h */ = {isa = PBXFileReference; lastKnownFileType = sourcecode.c.h; path = STSegueID.h; sourceTree = "<group>"; };
/* End PBXFileReference section */

/* Begin PBXFrameworksBuildPhase section */
		F1D564751A6C6030002692BD /* Frameworks */ = {
			isa = PBXFrameworksBuildPhase;
			buildActionMask = 2147483647;
			files = (
				9D83744A1AB1AE5D004BE1D2 /* libsqlite3.dylib in Frameworks */,
				9D8373F01AB193DF004BE1D2 /* libFMDB.a in Frameworks */,
				9D8373F11AB193DF004BE1D2 /* libOAuthConsumer.a in Frameworks */,
			);
			runOnlyForDeploymentPostprocessing = 0;
		};
		F1D564911A6C6030002692BD /* Frameworks */ = {
			isa = PBXFrameworksBuildPhase;
			buildActionMask = 2147483647;
			files = (
			);
			runOnlyForDeploymentPostprocessing = 0;
		};
/* End PBXFrameworksBuildPhase section */

/* Begin PBXGroup section */
		9D389E5E1AB18C88009B9AAB /* SSKeychain */ = {
			isa = PBXGroup;
			children = (
				9D389E5F1AB18C88009B9AAB /* SSKeychain.h */,
				9D389E601AB18C88009B9AAB /* SSKeychain.m */,
				9D389E611AB18C88009B9AAB /* SSKeychainQuery.h */,
				9D389E621AB18C88009B9AAB /* SSKeychainQuery.m */,
			);
			path = SSKeychain;
			sourceTree = "<group>";
		};
		9D389E9A1AB18F30009B9AAB /* Products */ = {
			isa = PBXGroup;
			children = (
				9D389E9F1AB18F31009B9AAB /* libFMDB.a */,
				9D389EA11AB18F31009B9AAB /* FMDBTests.xctest */,
			);
			name = Products;
			sourceTree = "<group>";
		};
		9D389ED61AB191F4009B9AAB /* Products */ = {
			isa = PBXGroup;
			children = (
				9D389EDB1AB191F5009B9AAB /* libOAuthConsumer.a */,
				9D389EDD1AB191F5009B9AAB /* OAuthConsumerTests.xctest */,
			);
			name = Products;
			sourceTree = "<group>";
		};
		9D39DA7A1AB6C54E0025F665 /* dataSource */ = {
			isa = PBXGroup;
			children = (
				9D4DEC841AB8334F009D7886 /* search */,
				9D4DEC451AB7279A009D7886 /* tweets */,
				9D4DEC981AB83748009D7886 /* STTapeTweetsTableCell_iPhone.h */,
				9D4DEC991AB83748009D7886 /* STTapeTweetsTableCell_iPhone.m */,
				9D4DEC9A1AB83748009D7886 /* STTapeTweetsTableCell_iPhone.xib */,
			);
			path = dataSource;
			sourceTree = "<group>";
		};
		9D39DA881AB6C85A0025F665 /* TableCell */ = {
			isa = PBXGroup;
			children = (
				9D39DA891AB6C8760025F665 /* STTableViewCell.h */,
				9D39DA8A1AB6C8760025F665 /* STTableViewCell.m */,
			);
			path = TableCell;
			sourceTree = "<group>";
		};
		9D4DEC3D1AB72779009D7886 /* tweets */ = {
			isa = PBXGroup;
			children = (
				9D4DEC3E1AB72779009D7886 /* STTapeTweetsDataSource.h */,
				9D4DEC3F1AB72779009D7886 /* STTapeTweetsDataSource.m */,
			);
			path = tweets;
			sourceTree = "<group>";
		};
		9D4DEC451AB7279A009D7886 /* tweets */ = {
			isa = PBXGroup;
			children = (
				9D4DEC461AB7279A009D7886 /* STTapeTweetsDataSource_iPhone.h */,
				9D4DEC471AB7279A009D7886 /* STTapeTweetsDataSource_iPhone.m */,
			);
			path = tweets;
			sourceTree = "<group>";
		};
		9D4DEC751AB81DFD009D7886 /* Protocols */ = {
			isa = PBXGroup;
			children = (
				9D4DEC761AB81E35009D7886 /* STImageDownloaderProtocol.h */,
				9D4DECA21AB84DD7009D7886 /* STFileManagerProtocol.h */,
				9D4DECA31AB84E34009D7886 /* STDataBaseStrorageProtocol.h */,
				9D4DECA81AB850A1009D7886 /* STAvtorizationManagerProtocol.h */,
				9D4DECA91AB851C3009D7886 /* STTweetsAPIProtocol.h */,
				F10A87211AB987DB00FD6F18 /* STAvatarManagerProtocol.h */,
				F10A87341AB9C07000FD6F18 /* STSettingsManagerProtocol.h */,
			);
			path = Protocols;
			sourceTree = "<group>";
		};
		9D4DEC7D1AB83347009D7886 /* search */ = {
			isa = PBXGroup;
			children = (
				9D4DEC7E1AB83347009D7886 /* STSearchDataSource.h */,
				9D4DEC7F1AB83347009D7886 /* STSearchDataSource.m */,
			);
			path = search;
			sourceTree = "<group>";
		};
		9D4DEC841AB8334F009D7886 /* search */ = {
			isa = PBXGroup;
			children = (
				9D4DEC851AB8334F009D7886 /* STSearchDataSource_iPhone.h */,
				9D4DEC861AB8334F009D7886 /* STSearchDataSource_iPhone.m */,
			);
			path = search;
			sourceTree = "<group>";
		};
		9D4DEC8D1AB8367B009D7886 /* nibLoader */ = {
			isa = PBXGroup;
			children = (
				9D4DEC8E1AB83695009D7886 /* STTweetsNibLoader.h */,
				9D4DEC8F1AB83695009D7886 /* STTweetsNibLoader.m */,
			);
			path = nibLoader;
			sourceTree = "<group>";
		};
		9D4DEC911AB836AA009D7886 /* nibLoader */ = {
			isa = PBXGroup;
			children = (
				9D4DEC921AB836C2009D7886 /* STTweetsNibLoader_iPhone.h */,
				9D4DEC931AB836C2009D7886 /* STTweetsNibLoader_iPhone.m */,
			);
			path = nibLoader;
			sourceTree = "<group>";
		};
		9D4DEC9D1AB84AB8009D7886 /* Managers */ = {
			isa = PBXGroup;
			children = (
				F10A872D1AB9BF8D00FD6F18 /* SettingsManager */,
				F10A871B1AB9872400FD6F18 /* AvatarManager */,
				9D4DEC9E1AB84AB8009D7886 /* FileManager */,
			);
			path = Managers;
			sourceTree = "<group>";
		};
		9D4DEC9E1AB84AB8009D7886 /* FileManager */ = {
			isa = PBXGroup;
			children = (
				9D4DEC9F1AB84AD9009D7886 /* STFileManager.h */,
				9D4DECA01AB84AD9009D7886 /* STFileManager.m */,
			);
			path = FileManager;
			sourceTree = "<group>";
		};
		9D4DECA41AB84E92009D7886 /* Locator */ = {
			isa = PBXGroup;
			children = (
				9D4DECA51AB84EA8009D7886 /* STLocator.h */,
				9D4DECA61AB84EA8009D7886 /* STLocator.m */,
			);
			path = Locator;
			sourceTree = "<group>";
		};
		9D4F0B6C1A89FF1B0005E8C9 /* UIAlertView-Blocks */ = {
			isa = PBXGroup;
			children = (
				9D4F0B6D1A89FF1B0005E8C9 /* README.md */,
				9D4F0B6E1A89FF1B0005E8C9 /* RIButtonItem.h */,
				9D4F0B6F1A89FF1B0005E8C9 /* RIButtonItem.m */,
				9D4F0B701A89FF1B0005E8C9 /* UIActionSheet+Blocks.h */,
				9D4F0B711A89FF1B0005E8C9 /* UIActionSheet+Blocks.m */,
				9D4F0B721A89FF1B0005E8C9 /* UIAlertView+Blocks.h */,
				9D4F0B731A89FF1B0005E8C9 /* UIAlertView+Blocks.m */,
			);
			path = "UIAlertView-Blocks";
			sourceTree = "<group>";
		};
		9D51DD2E1A765328003E2D49 /* External */ = {
			isa = PBXGroup;
			children = (
				9D389E5E1AB18C88009B9AAB /* SSKeychain */,
				9D4F0B6C1A89FF1B0005E8C9 /* UIAlertView-Blocks */,
				9D389E991AB18F30009B9AAB /* FMDB.xcodeproj */,
				9D389ED51AB191F4009B9AAB /* OAuthConsumer.xcodeproj */,
			);
			path = External;
			sourceTree = "<group>";
		};
		9D51DD9D1A765C5A003E2D49 /* Utils */ = {
			isa = PBXGroup;
			children = (
				9D51DD9E1A765C6B003E2D49 /* STMacros.h */,
			);
			path = Utils;
			sourceTree = "<group>";
		};
		9D83744B1AB1AF50004BE1D2 /* Frameworks */ = {
			isa = PBXGroup;
			children = (
				F1C17A691AB4540B00C00C4D /* libcommonCrypto.dylib */,
				9D8374491AB1AE5D004BE1D2 /* libsqlite3.dylib */,
			);
			name = Frameworks;
			sourceTree = "<group>";
		};
		9D83744C1AB1B44C004BE1D2 /* ViewController */ = {
			isa = PBXGroup;
			children = (
				9D83744D1AB1B44C004BE1D2 /* STViewController.h */,
				9D83744E1AB1B44C004BE1D2 /* STViewController.m */,
			);
			path = ViewController;
			sourceTree = "<group>";
		};
		9D83745C1AB1BAC1004BE1D2 /* SettingsViewController */ = {
			isa = PBXGroup;
			children = (
				F10A87291AB9BAC600FD6F18 /* SettingsItem */,
				9D83745F1AB1BAF6004BE1D2 /* STSettingsViewController.h */,
				9D8374601AB1BAF6004BE1D2 /* STSettingsViewController.m */,
			);
			path = SettingsViewController;
			sourceTree = "<group>";
		};
		9D83745D1AB1BAC7004BE1D2 /* SettingsViewController */ = {
			isa = PBXGroup;
			children = (
				9D8374621AB1BB0D004BE1D2 /* STSettingsViewController_iPhone.h */,
				9D8374631AB1BB0D004BE1D2 /* STSettingsViewController_iPhone.m */,
			);
			path = SettingsViewController;
			sourceTree = "<group>";
		};
		9D83745E1AB1BACE004BE1D2 /* SettingsViewController */ = {
			isa = PBXGroup;
			children = (
				9D8374651AB1BB1E004BE1D2 /* STSettingsViewController_iPad.h */,
				9D8374661AB1BB1E004BE1D2 /* STSettingsViewController_iPad.m */,
			);
			path = SettingsViewController;
			sourceTree = "<group>";
		};
		9D8374681AB1BBAF004BE1D2 /* RootTabBarController */ = {
			isa = PBXGroup;
			children = (
				9D83746B1AB1BBDE004BE1D2 /* STRootTabBarController.h */,
				9D83746C1AB1BBDE004BE1D2 /* STRootTabBarController.m */,
			);
			path = RootTabBarController;
			sourceTree = "<group>";
		};
		9D8374691AB1BBB5004BE1D2 /* RootTabBarController */ = {
			isa = PBXGroup;
			children = (
				9D83746E1AB1BBF0004BE1D2 /* STRootTabBarController_iPhone.h */,
				9D83746F1AB1BBF0004BE1D2 /* STRootTabBarController_iPhone.m */,
			);
			path = RootTabBarController;
			sourceTree = "<group>";
		};
		9D83746A1AB1BBBD004BE1D2 /* RootTabBarController */ = {
			isa = PBXGroup;
			children = (
				9D8374711AB1BC0B004BE1D2 /* STRootTabBarController_iPad.h */,
				9D8374721AB1BC0B004BE1D2 /* STRootTabBarController_iPad.m */,
			);
			path = RootTabBarController;
			sourceTree = "<group>";
		};
		9D83747D1AB2D0DB004BE1D2 /* TweetListViewController */ = {
			isa = PBXGroup;
			children = (
				9D8374821AB2D144004BE1D2 /* STTweetListViewController_iPhone.h */,
				9D8374831AB2D144004BE1D2 /* STTweetListViewController_iPhone.m */,
			);
			path = TweetListViewController;
			sourceTree = "<group>";
		};
		9D83747E1AB2D10A004BE1D2 /* TweetListViewController */ = {
			isa = PBXGroup;
			children = (
				9D8374851AB2D153004BE1D2 /* STTweetListViewController_iPad.h */,
				9D8374861AB2D153004BE1D2 /* STTweetListViewController_iPad.m */,
			);
			path = TweetListViewController;
			sourceTree = "<group>";
		};
		9D8374881AB2D205004BE1D2 /* ProfileViewController */ = {
			isa = PBXGroup;
			children = (
				F10A87251AB9B34400FD6F18 /* ProfileItem */,
				9D83748B1AB2D28A004BE1D2 /* STProfileViewController.h */,
				9D83748C1AB2D28A004BE1D2 /* STProfileViewController.m */,
			);
			path = ProfileViewController;
			sourceTree = "<group>";
		};
		9D8374891AB2D20B004BE1D2 /* ProfileViewController */ = {
			isa = PBXGroup;
			children = (
				9D83748E1AB2D2E9004BE1D2 /* STProfileViewController_iPhone.h */,
				9D83748F1AB2D2E9004BE1D2 /* STProfileViewController_iPhone.m */,
			);
			path = ProfileViewController;
			sourceTree = "<group>";
		};
		9D83748A1AB2D212004BE1D2 /* ProfileViewController */ = {
			isa = PBXGroup;
			children = (
				9D8374911AB2D2F4004BE1D2 /* STProfileViewController_iPad.h */,
				9D8374921AB2D2F4004BE1D2 /* STProfileViewController_iPad.m */,
			);
			path = ProfileViewController;
			sourceTree = "<group>";
		};
		9D8374941AB2D880004BE1D2 /* TapeTweetsViewController */ = {
			isa = PBXGroup;
			children = (
				9D4DEC8D1AB8367B009D7886 /* nibLoader */,
				F1C17A871AB63A9700C00C4D /* dataSource */,
				9D8374951AB2D880004BE1D2 /* STTapeTweetsViewController.h */,
				9D8374961AB2D880004BE1D2 /* STTapeTweetsViewController.m */,
			);
			path = TapeTweetsViewController;
			sourceTree = "<group>";
		};
		9D8374981AB2D8D2004BE1D2 /* TapeTweetsViewController */ = {
			isa = PBXGroup;
			children = (
				9D4DEC911AB836AA009D7886 /* nibLoader */,
				9D39DA7A1AB6C54E0025F665 /* dataSource */,
				9D8374991AB2D8D2004BE1D2 /* STTapeTweetsViewController_iPhone.h */,
				9D83749A1AB2D8D2004BE1D2 /* STTapeTweetsViewController_iPhone.m */,
			);
			path = TapeTweetsViewController;
			sourceTree = "<group>";
		};
		9D83749C1AB2D8E4004BE1D2 /* TapeTweetsViewController */ = {
			isa = PBXGroup;
			children = (
				9D83749D1AB2D8E4004BE1D2 /* STTapeTweetsViewController_iPad.h */,
				9D83749E1AB2D8E4004BE1D2 /* STTapeTweetsViewController_iPad.m */,
			);
			path = TapeTweetsViewController;
			sourceTree = "<group>";
		};
		9D8374A41AB2E32B004BE1D2 /* Models */ = {
			isa = PBXGroup;
			children = (
				F1C17A831AB632F900C00C4D /* User */,
				F1C17A791AB622F600C00C4D /* Tweet */,
			);
			path = Models;
			sourceTree = "<group>";
		};
		F10A871B1AB9872400FD6F18 /* AvatarManager */ = {
			isa = PBXGroup;
			children = (
				F10A871E1AB9873600FD6F18 /* STAvatarManager.h */,
				F10A871F1AB9873600FD6F18 /* STAvatarManager.m */,
			);
			path = AvatarManager;
			sourceTree = "<group>";
		};
		F10A87251AB9B34400FD6F18 /* ProfileItem */ = {
			isa = PBXGroup;
			children = (
				F10A87261AB9B35300FD6F18 /* STProfileItem.h */,
				F10A87271AB9B35300FD6F18 /* STProfileItem.m */,
			);
			path = ProfileItem;
			sourceTree = "<group>";
		};
		F10A87291AB9BAC600FD6F18 /* SettingsItem */ = {
			isa = PBXGroup;
			children = (
				F10A872A1AB9BAD900FD6F18 /* STSettingsItem.h */,
				F10A872B1AB9BAD900FD6F18 /* STSettingsItem.m */,
			);
			path = SettingsItem;
			sourceTree = "<group>";
		};
		F10A872D1AB9BF8D00FD6F18 /* SettingsManager */ = {
			isa = PBXGroup;
			children = (
				F10A87311AB9BFC500FD6F18 /* STSettingsManager.h */,
				F10A87321AB9BFC500FD6F18 /* STSettingsManager.m */,
			);
			path = SettingsManager;
			sourceTree = "<group>";
		};
		F1C17A621AB4536200C00C4D /* Categories */ = {
			isa = PBXGroup;
			children = (
			);
			path = Categories;
			sourceTree = "<group>";
		};
		F1C17A6B1AB551D400C00C4D /* TokenStorage */ = {
			isa = PBXGroup;
			children = (
				F1C17A6C1AB551D400C00C4D /* STTokenStorage.h */,
				F1C17A6D1AB551D400C00C4D /* STTokenStorage.m */,
			);
			path = TokenStorage;
			sourceTree = "<group>";
		};
		F1C17A6F1AB551F900C00C4D /* RequestManager */ = {
			isa = PBXGroup;
			children = (
				F1C17A701AB551F900C00C4D /* STRequestManager.h */,
				F1C17A711AB551F900C00C4D /* STRequestManager.m */,
			);
			path = RequestManager;
			sourceTree = "<group>";
		};
		F1C17A731AB5575400C00C4D /* WebCore */ = {
			isa = PBXGroup;
			children = (
				F1C17A741AB5575400C00C4D /* STWebCore.h */,
				F1C17A751AB5575400C00C4D /* STWebCore.m */,
			);
			path = WebCore;
			sourceTree = "<group>";
		};
		F1C17A791AB622F600C00C4D /* Tweet */ = {
			isa = PBXGroup;
			children = (
				F1C17A801AB6232F00C00C4D /* STTweet.h */,
				F1C17A811AB6232F00C00C4D /* STTweet.m */,
			);
			path = Tweet;
			sourceTree = "<group>";
		};
		F1C17A831AB632F900C00C4D /* User */ = {
			isa = PBXGroup;
			children = (
				F1C17A841AB632F900C00C4D /* STUser.h */,
				F1C17A851AB632F900C00C4D /* STUser.m */,
			);
			path = User;
			sourceTree = "<group>";
		};
		F1C17A871AB63A9700C00C4D /* dataSource */ = {
			isa = PBXGroup;
			children = (
				9D4DEC7D1AB83347009D7886 /* search */,
				9D4DEC3D1AB72779009D7886 /* tweets */,
				9D4DEC951AB83723009D7886 /* STTapeTweetsTableCell.h */,
				9D4DEC961AB83723009D7886 /* STTapeTweetsTableCell.m */,
			);
			path = dataSource;
			sourceTree = "<group>";
		};
		F1D5646F1A6C6030002692BD = {
			isa = PBXGroup;
			children = (
				F1D5647A1A6C6030002692BD /* SearchTweets */,
				F1D564971A6C6030002692BD /* SearchTweetsTests */,
				F1D564791A6C6030002692BD /* Products */,
			);
			sourceTree = "<group>";
		};
		F1D564791A6C6030002692BD /* Products */ = {
			isa = PBXGroup;
			children = (
				F1D564781A6C6030002692BD /* SearchTweets.app */,
				F1D564941A6C6030002692BD /* SearchTweetsTests.xctest */,
			);
			name = Products;
			sourceTree = "<group>";
		};
		F1D5647A1A6C6030002692BD /* SearchTweets */ = {
			isa = PBXGroup;
			children = (
				F1D564B31A6C614D002692BD /* Shared */,
				F1D564A71A6C614D002692BD /* iPhone */,
				F1D564A41A6C614D002692BD /* iPad */,
				9D51DD2E1A765328003E2D49 /* External */,
				F1D564AA1A6C614D002692BD /* Other */,
				F1D564AD1A6C614D002692BD /* Resources */,
				9D83744B1AB1AF50004BE1D2 /* Frameworks */,
			);
			path = SearchTweets;
			sourceTree = "<group>";
		};
		F1D564971A6C6030002692BD /* SearchTweetsTests */ = {
			isa = PBXGroup;
			children = (
				F1D5649A1A6C6030002692BD /* SearchTweetsTests.m */,
				F1D564981A6C6030002692BD /* Supporting Files */,
			);
			path = SearchTweetsTests;
			sourceTree = "<group>";
		};
		F1D564981A6C6030002692BD /* Supporting Files */ = {
			isa = PBXGroup;
			children = (
				F1D564991A6C6030002692BD /* Info.plist */,
			);
			name = "Supporting Files";
			sourceTree = "<group>";
		};
		F1D564A41A6C614D002692BD /* iPad */ = {
			isa = PBXGroup;
			children = (
				F1D564C51A6C62E1002692BD /* Storyboard_iPad.storyboard */,
				F1D564A51A6C614D002692BD /* ViewControllers */,
			);
			path = iPad;
			sourceTree = "<group>";
		};
		F1D564A51A6C614D002692BD /* ViewControllers */ = {
			isa = PBXGroup;
			children = (
				9D83749C1AB2D8E4004BE1D2 /* TapeTweetsViewController */,
				9D83748A1AB2D212004BE1D2 /* ProfileViewController */,
				9D83747E1AB2D10A004BE1D2 /* TweetListViewController */,
				9D83746A1AB1BBBD004BE1D2 /* RootTabBarController */,
				9D83745E1AB1BACE004BE1D2 /* SettingsViewController */,
				F1D565181A6D9276002692BD /* NavigationController */,
				F1D564DA1A6C6831002692BD /* AvtorizationViewController */,
			);
			path = ViewControllers;
			sourceTree = "<group>";
		};
		F1D564A71A6C614D002692BD /* iPhone */ = {
			isa = PBXGroup;
			children = (
				F1D564C31A6C62DA002692BD /* Storyboard_iPhone.storyboard */,
				F1D564A81A6C614D002692BD /* ViewControllers */,
			);
			path = iPhone;
			sourceTree = "<group>";
		};
		F1D564A81A6C614D002692BD /* ViewControllers */ = {
			isa = PBXGroup;
			children = (
				9D8374981AB2D8D2004BE1D2 /* TapeTweetsViewController */,
				9D8374891AB2D20B004BE1D2 /* ProfileViewController */,
				9D83747D1AB2D0DB004BE1D2 /* TweetListViewController */,
				9D8374691AB1BBB5004BE1D2 /* RootTabBarController */,
				9D83745D1AB1BAC7004BE1D2 /* SettingsViewController */,
				F1D565171A6D926E002692BD /* NavigationController */,
				F1D564D91A6C6823002692BD /* AvtorizationViewController */,
			);
			path = ViewControllers;
			sourceTree = "<group>";
		};
		F1D564AA1A6C614D002692BD /* Other */ = {
			isa = PBXGroup;
			children = (
				9D51DD9F1A765D12003E2D49 /* SearchTweets-Prefix.pch */,
				F1D564AB1A6C614D002692BD /* Info.plist */,
				F1D564AC1A6C614D002692BD /* main.m */,
			);
			path = Other;
			sourceTree = "<group>";
		};
		F1D564AD1A6C614D002692BD /* Resources */ = {
			isa = PBXGroup;
			children = (
				9D51DD991A765BB2003E2D49 /* Localizable.strings */,
				F1D564B21A6C614D002692BD /* Images.xcassets */,
			);
			path = Resources;
			sourceTree = "<group>";
		};
		F1D564B31A6C614D002692BD /* Shared */ = {
			isa = PBXGroup;
			children = (
				F1D564B41A6C614D002692BD /* AppDelegate.h */,
				F1D564B51A6C614D002692BD /* AppDelegate.m */,
				9D4DECA41AB84E92009D7886 /* Locator */,
				9D4DEC9D1AB84AB8009D7886 /* Managers */,
				9D4DEC751AB81DFD009D7886 /* Protocols */,
				F1C17A621AB4536200C00C4D /* Categories */,
				9D51DD9D1A765C5A003E2D49 /* Utils */,
				F1D564D01A6C67F6002692BD /* AbstractClasses */,
				F1D5651F1A6D9648002692BD /* Constans */,
				F1D564B61A6C614D002692BD /* DataBase */,
				F1D564B91A6C614D002692BD /* ServerAPI */,
				F1D564BA1A6C614D002692BD /* ViewControllers */,
			);
			path = Shared;
			sourceTree = "<group>";
		};
		F1D564B61A6C614D002692BD /* DataBase */ = {
			isa = PBXGroup;
			children = (
				9D8374A41AB2E32B004BE1D2 /* Models */,
				9D8374A11AB2E314004BE1D2 /* STDataBaseStorage.h */,
				9D8374A21AB2E314004BE1D2 /* STDataBaseStorage.m */,
			);
			path = DataBase;
			sourceTree = "<group>";
		};
		F1D564B91A6C614D002692BD /* ServerAPI */ = {
			isa = PBXGroup;
			children = (
				F1C17A731AB5575400C00C4D /* WebCore */,
				F1C17A6F1AB551F900C00C4D /* RequestManager */,
				F1C17A6B1AB551D400C00C4D /* TokenStorage */,
				9D4F0B6B1A89F8910005E8C9 /* STAPIConstans.h */,
			);
			path = ServerAPI;
			sourceTree = "<group>";
		};
		F1D564BA1A6C614D002692BD /* ViewControllers */ = {
			isa = PBXGroup;
			children = (
				9D8374941AB2D880004BE1D2 /* TapeTweetsViewController */,
				9D8374881AB2D205004BE1D2 /* ProfileViewController */,
				9D8374681AB1BBAF004BE1D2 /* RootTabBarController */,
				9D83745C1AB1BAC1004BE1D2 /* SettingsViewController */,
				F1D565131A6D921B002692BD /* NavigationController */,
				F1D564D21A6C680A002692BD /* AvtorizationViewController */,
			);
			path = ViewControllers;
			sourceTree = "<group>";
		};
		F1D564D01A6C67F6002692BD /* AbstractClasses */ = {
			isa = PBXGroup;
			children = (
				9D39DA881AB6C85A0025F665 /* TableCell */,
				9D83744C1AB1B44C004BE1D2 /* ViewController */,
			);
			path = AbstractClasses;
			sourceTree = "<group>";
		};
		F1D564D21A6C680A002692BD /* AvtorizationViewController */ = {
			isa = PBXGroup;
			children = (
				F1D564EB1A6C68EE002692BD /* STAvtorizationViewController.h */,
				F1D564EC1A6C68EE002692BD /* STAvtorizationViewController.m */,
			);
			path = AvtorizationViewController;
			sourceTree = "<group>";
		};
		F1D564D91A6C6823002692BD /* AvtorizationViewController */ = {
			isa = PBXGroup;
			children = (
				F1D564F11A6C69B8002692BD /* STAvtorizationViewController_iPhone.h */,
				F1D564F21A6C69B8002692BD /* STAvtorizationViewController_iPhone.m */,
			);
			path = AvtorizationViewController;
			sourceTree = "<group>";
		};
		F1D564DA1A6C6831002692BD /* AvtorizationViewController */ = {
			isa = PBXGroup;
			children = (
				F1D564F71A6C6A2E002692BD /* STAvtorizationViewController_iPad.h */,
				F1D564F81A6C6A2E002692BD /* STAvtorizationViewController_iPad.m */,
			);
			path = AvtorizationViewController;
			sourceTree = "<group>";
		};
		F1D565131A6D921B002692BD /* NavigationController */ = {
			isa = PBXGroup;
			children = (
				F1D565141A6D923C002692BD /* STNavigationController.h */,
				F1D565151A6D923C002692BD /* STNavigationController.m */,
			);
			path = NavigationController;
			sourceTree = "<group>";
		};
		F1D565171A6D926E002692BD /* NavigationController */ = {
			isa = PBXGroup;
			children = (
				F1D5651C1A6D92F2002692BD /* STNavigationController_iPhone.h */,
				F1D5651D1A6D92F2002692BD /* STNavigationController_iPhone.m */,
			);
			path = NavigationController;
			sourceTree = "<group>";
		};
		F1D565181A6D9276002692BD /* NavigationController */ = {
			isa = PBXGroup;
			children = (
				F1D565191A6D92E0002692BD /* STNavigationController_iPad.h */,
				F1D5651A1A6D92E0002692BD /* STNavigationController_iPad.m */,
			);
			path = NavigationController;
			sourceTree = "<group>";
		};
		F1D5651F1A6D9648002692BD /* Constans */ = {
			isa = PBXGroup;
			children = (
				F1D565201A6D96BF002692BD /* STSegueID.h */,
				F10A87351AB9D0C300FD6F18 /* STNotificationsKey.h */,
			);
			path = Constans;
			sourceTree = "<group>";
		};
/* End PBXGroup section */

/* Begin PBXNativeTarget section */
		F1D564771A6C6030002692BD /* SearchTweets */ = {
			isa = PBXNativeTarget;
			buildConfigurationList = F1D5649E1A6C6030002692BD /* Build configuration list for PBXNativeTarget "SearchTweets" */;
			buildPhases = (
				F1D564741A6C6030002692BD /* Sources */,
				F1D564751A6C6030002692BD /* Frameworks */,
				F1D564761A6C6030002692BD /* Resources */,
			);
			buildRules = (
			);
			dependencies = (
				9D8373F31AB193E9004BE1D2 /* PBXTargetDependency */,
				9D8373F51AB193E9004BE1D2 /* PBXTargetDependency */,
			);
			name = SearchTweets;
			productName = SearchTweets;
			productReference = F1D564781A6C6030002692BD /* SearchTweets.app */;
			productType = "com.apple.product-type.application";
		};
		F1D564931A6C6030002692BD /* SearchTweetsTests */ = {
			isa = PBXNativeTarget;
			buildConfigurationList = F1D564A11A6C6030002692BD /* Build configuration list for PBXNativeTarget "SearchTweetsTests" */;
			buildPhases = (
				F1D564901A6C6030002692BD /* Sources */,
				F1D564911A6C6030002692BD /* Frameworks */,
				F1D564921A6C6030002692BD /* Resources */,
			);
			buildRules = (
			);
			dependencies = (
				F1D564961A6C6030002692BD /* PBXTargetDependency */,
			);
			name = SearchTweetsTests;
			productName = SearchTweetsTests;
			productReference = F1D564941A6C6030002692BD /* SearchTweetsTests.xctest */;
			productType = "com.apple.product-type.bundle.unit-test";
		};
/* End PBXNativeTarget section */

/* Begin PBXProject section */
		F1D564701A6C6030002692BD /* Project object */ = {
			isa = PBXProject;
			attributes = {
				LastUpgradeCheck = 0610;
				ORGANIZATIONNAME = "Aleksei Ivankov";
				TargetAttributes = {
					F1D564771A6C6030002692BD = {
						CreatedOnToolsVersion = 6.1.1;
					};
					F1D564931A6C6030002692BD = {
						CreatedOnToolsVersion = 6.1.1;
						TestTargetID = F1D564771A6C6030002692BD;
					};
				};
			};
			buildConfigurationList = F1D564731A6C6030002692BD /* Build configuration list for PBXProject "SearchTweets" */;
			compatibilityVersion = "Xcode 3.2";
			developmentRegion = English;
			hasScannedForEncodings = 0;
			knownRegions = (
				en,
				ru,
			);
			mainGroup = F1D5646F1A6C6030002692BD;
			productRefGroup = F1D564791A6C6030002692BD /* Products */;
			projectDirPath = "";
			projectReferences = (
				{
					ProductGroup = 9D389E9A1AB18F30009B9AAB /* Products */;
					ProjectRef = 9D389E991AB18F30009B9AAB /* FMDB.xcodeproj */;
				},
				{
					ProductGroup = 9D389ED61AB191F4009B9AAB /* Products */;
					ProjectRef = 9D389ED51AB191F4009B9AAB /* OAuthConsumer.xcodeproj */;
				},
			);
			projectRoot = "";
			targets = (
				F1D564771A6C6030002692BD /* SearchTweets */,
				F1D564931A6C6030002692BD /* SearchTweetsTests */,
			);
		};
/* End PBXProject section */

/* Begin PBXReferenceProxy section */
		9D389E9F1AB18F31009B9AAB /* libFMDB.a */ = {
			isa = PBXReferenceProxy;
			fileType = archive.ar;
			path = libFMDB.a;
			remoteRef = 9D389E9E1AB18F31009B9AAB /* PBXContainerItemProxy */;
			sourceTree = BUILT_PRODUCTS_DIR;
		};
		9D389EA11AB18F31009B9AAB /* FMDBTests.xctest */ = {
			isa = PBXReferenceProxy;
			fileType = wrapper.cfbundle;
			path = FMDBTests.xctest;
			remoteRef = 9D389EA01AB18F31009B9AAB /* PBXContainerItemProxy */;
			sourceTree = BUILT_PRODUCTS_DIR;
		};
		9D389EDB1AB191F5009B9AAB /* libOAuthConsumer.a */ = {
			isa = PBXReferenceProxy;
			fileType = archive.ar;
			path = libOAuthConsumer.a;
			remoteRef = 9D389EDA1AB191F5009B9AAB /* PBXContainerItemProxy */;
			sourceTree = BUILT_PRODUCTS_DIR;
		};
		9D389EDD1AB191F5009B9AAB /* OAuthConsumerTests.xctest */ = {
			isa = PBXReferenceProxy;
			fileType = wrapper.cfbundle;
			path = OAuthConsumerTests.xctest;
			remoteRef = 9D389EDC1AB191F5009B9AAB /* PBXContainerItemProxy */;
			sourceTree = BUILT_PRODUCTS_DIR;
		};
/* End PBXReferenceProxy section */

/* Begin PBXResourcesBuildPhase section */
		F1D564761A6C6030002692BD /* Resources */ = {
			isa = PBXResourcesBuildPhase;
			buildActionMask = 2147483647;
			files = (
				F1D564C01A6C614D002692BD /* Images.xcassets in Resources */,
				9D4DEC9C1AB83748009D7886 /* STTapeTweetsTableCell_iPhone.xib in Resources */,
				9D51DD9B1A765BB2003E2D49 /* Localizable.strings in Resources */,
				F1D564C41A6C62DA002692BD /* Storyboard_iPhone.storyboard in Resources */,
				F1D564C61A6C62E1002692BD /* Storyboard_iPad.storyboard in Resources */,
			);
			runOnlyForDeploymentPostprocessing = 0;
		};
		F1D564921A6C6030002692BD /* Resources */ = {
			isa = PBXResourcesBuildPhase;
			buildActionMask = 2147483647;
			files = (
			);
			runOnlyForDeploymentPostprocessing = 0;
		};
/* End PBXResourcesBuildPhase section */

/* Begin PBXSourcesBuildPhase section */
		F1D564741A6C6030002692BD /* Sources */ = {
			isa = PBXSourcesBuildPhase;
			buildActionMask = 2147483647;
			files = (
				9D8374931AB2D2F4004BE1D2 /* STProfileViewController_iPad.m in Sources */,
				9D8374641AB1BB0D004BE1D2 /* STSettingsViewController_iPhone.m in Sources */,
				F10A87331AB9BFC500FD6F18 /* STSettingsManager.m in Sources */,
				9D83746D1AB1BBDE004BE1D2 /* STRootTabBarController.m in Sources */,
				9D4F0B751A89FF1B0005E8C9 /* RIButtonItem.m in Sources */,
				9D4DEC4B1AB7279A009D7886 /* STTapeTweetsDataSource_iPhone.m in Sources */,
				F1C17A761AB5575400C00C4D /* STWebCore.m in Sources */,
				9D8374A31AB2E314004BE1D2 /* STDataBaseStorage.m in Sources */,
				9D4DEC901AB83695009D7886 /* STTweetsNibLoader.m in Sources */,
				9D4DEC9B1AB83748009D7886 /* STTapeTweetsTableCell_iPhone.m in Sources */,
				9D4DECA11AB84AD9009D7886 /* STFileManager.m in Sources */,
				F1D5651B1A6D92E0002692BD /* STNavigationController_iPad.m in Sources */,
				F1C17A861AB632F900C00C4D /* STUser.m in Sources */,
				F1D564ED1A6C68EE002692BD /* STAvtorizationViewController.m in Sources */,
				9D4DEC821AB83347009D7886 /* STSearchDataSource.m in Sources */,
				9D8374901AB2D2E9004BE1D2 /* STProfileViewController_iPhone.m in Sources */,
				9D4DEC421AB72779009D7886 /* STTapeTweetsDataSource.m in Sources */,
				9D4F0B771A89FF1B0005E8C9 /* UIAlertView+Blocks.m in Sources */,
				9D389E641AB18C88009B9AAB /* SSKeychainQuery.m in Sources */,
				9D39DA8B1AB6C8760025F665 /* STTableViewCell.m in Sources */,
				9D4DEC971AB83723009D7886 /* STTapeTweetsTableCell.m in Sources */,
				9D8374731AB1BC0B004BE1D2 /* STRootTabBarController_iPad.m in Sources */,
				F1D564C11A6C614D002692BD /* AppDelegate.m in Sources */,
				F1D564F31A6C69B8002692BD /* STAvtorizationViewController_iPhone.m in Sources */,
				9D83749F1AB2D8E4004BE1D2 /* STTapeTweetsViewController_iPad.m in Sources */,
				F10A872C1AB9BAD900FD6F18 /* STSettingsItem.m in Sources */,
				9D389E631AB18C88009B9AAB /* SSKeychain.m in Sources */,
				9D4F0B761A89FF1B0005E8C9 /* UIActionSheet+Blocks.m in Sources */,
				F1C17A6E1AB551D400C00C4D /* STTokenStorage.m in Sources */,
				F1D565161A6D923C002692BD /* STNavigationController.m in Sources */,
				F1C17A821AB6232F00C00C4D /* STTweet.m in Sources */,
				F1D564F91A6C6A2E002692BD /* STAvtorizationViewController_iPad.m in Sources */,
				F1D5651E1A6D92F2002692BD /* STNavigationController_iPhone.m in Sources */,
				9D83749B1AB2D8D2004BE1D2 /* STTapeTweetsViewController_iPhone.m in Sources */,
				9D83744F1AB1B44C004BE1D2 /* STViewController.m in Sources */,
				9D8374701AB1BBF0004BE1D2 /* STRootTabBarController_iPhone.m in Sources */,
				9D83748D1AB2D28A004BE1D2 /* STProfileViewController.m in Sources */,
				9D8374611AB1BAF6004BE1D2 /* STSettingsViewController.m in Sources */,
				F10A87281AB9B35300FD6F18 /* STProfileItem.m in Sources */,
				F10A87201AB9873600FD6F18 /* STAvatarManager.m in Sources */,
				9D4DECA71AB84EA8009D7886 /* STLocator.m in Sources */,
				9D8374671AB1BB1E004BE1D2 /* STSettingsViewController_iPad.m in Sources */,
				F1C17A721AB551F900C00C4D /* STRequestManager.m in Sources */,
				9D4DEC941AB836C2009D7886 /* STTweetsNibLoader_iPhone.m in Sources */,
				F1D564BD1A6C614D002692BD /* main.m in Sources */,
				9D4DEC8A1AB8334F009D7886 /* STSearchDataSource_iPhone.m in Sources */,
				9D8374971AB2D880004BE1D2 /* STTapeTweetsViewController.m in Sources */,
			);
			runOnlyForDeploymentPostprocessing = 0;
		};
		F1D564901A6C6030002692BD /* Sources */ = {
			isa = PBXSourcesBuildPhase;
			buildActionMask = 2147483647;
			files = (
				F1D5649B1A6C6030002692BD /* SearchTweetsTests.m in Sources */,
			);
			runOnlyForDeploymentPostprocessing = 0;
		};
/* End PBXSourcesBuildPhase section */

/* Begin PBXTargetDependency section */
		9D8373F31AB193E9004BE1D2 /* PBXTargetDependency */ = {
			isa = PBXTargetDependency;
			name = FMDB;
			targetProxy = 9D8373F21AB193E9004BE1D2 /* PBXContainerItemProxy */;
		};
		9D8373F51AB193E9004BE1D2 /* PBXTargetDependency */ = {
			isa = PBXTargetDependency;
			name = OAuthConsumer;
			targetProxy = 9D8373F41AB193E9004BE1D2 /* PBXContainerItemProxy */;
		};
		F1D564961A6C6030002692BD /* PBXTargetDependency */ = {
			isa = PBXTargetDependency;
			target = F1D564771A6C6030002692BD /* SearchTweets */;
			targetProxy = F1D564951A6C6030002692BD /* PBXContainerItemProxy */;
		};
/* End PBXTargetDependency section */

/* Begin PBXVariantGroup section */
		9D51DD991A765BB2003E2D49 /* Localizable.strings */ = {
			isa = PBXVariantGroup;
			children = (
				9D51DD9A1A765BB2003E2D49 /* en */,
				9D51DD9C1A765BBE003E2D49 /* ru */,
			);
			name = Localizable.strings;
			sourceTree = "<group>";
		};
/* End PBXVariantGroup section */

/* Begin XCBuildConfiguration section */
		F1D5649C1A6C6030002692BD /* Debug */ = {
			isa = XCBuildConfiguration;
			buildSettings = {
				ALWAYS_SEARCH_USER_PATHS = NO;
				CLANG_CXX_LANGUAGE_STANDARD = "gnu++0x";
				CLANG_CXX_LIBRARY = "libc++";
				CLANG_ENABLE_MODULES = YES;
				CLANG_ENABLE_OBJC_ARC = YES;
				CLANG_WARN_BOOL_CONVERSION = YES;
				CLANG_WARN_CONSTANT_CONVERSION = YES;
				CLANG_WARN_DIRECT_OBJC_ISA_USAGE = YES_ERROR;
				CLANG_WARN_EMPTY_BODY = YES;
				CLANG_WARN_ENUM_CONVERSION = YES;
				CLANG_WARN_INT_CONVERSION = YES;
				CLANG_WARN_OBJC_ROOT_CLASS = YES_ERROR;
				CLANG_WARN_UNREACHABLE_CODE = YES;
				CLANG_WARN__DUPLICATE_METHOD_MATCH = YES;
				"CODE_SIGN_IDENTITY[sdk=iphoneos*]" = "iPhone Developer";
				COPY_PHASE_STRIP = NO;
				ENABLE_STRICT_OBJC_MSGSEND = YES;
				GCC_C_LANGUAGE_STANDARD = gnu99;
				GCC_DYNAMIC_NO_PIC = NO;
				GCC_OPTIMIZATION_LEVEL = 0;
				GCC_PREPROCESSOR_DEFINITIONS = (
					"DEBUG=1",
					"$(inherited)",
				);
				GCC_SYMBOLS_PRIVATE_EXTERN = NO;
				GCC_WARN_64_TO_32_BIT_CONVERSION = YES;
				GCC_WARN_ABOUT_RETURN_TYPE = YES_ERROR;
				GCC_WARN_UNDECLARED_SELECTOR = YES;
				GCC_WARN_UNINITIALIZED_AUTOS = YES_AGGRESSIVE;
				GCC_WARN_UNUSED_FUNCTION = YES;
				GCC_WARN_UNUSED_VARIABLE = YES;
				IPHONEOS_DEPLOYMENT_TARGET = 8.1;
				MTL_ENABLE_DEBUG_INFO = YES;
				ONLY_ACTIVE_ARCH = YES;
				SDKROOT = iphoneos;
				TARGETED_DEVICE_FAMILY = "1,2";
			};
			name = Debug;
		};
		F1D5649D1A6C6030002692BD /* Release */ = {
			isa = XCBuildConfiguration;
			buildSettings = {
				ALWAYS_SEARCH_USER_PATHS = NO;
				CLANG_CXX_LANGUAGE_STANDARD = "gnu++0x";
				CLANG_CXX_LIBRARY = "libc++";
				CLANG_ENABLE_MODULES = YES;
				CLANG_ENABLE_OBJC_ARC = YES;
				CLANG_WARN_BOOL_CONVERSION = YES;
				CLANG_WARN_CONSTANT_CONVERSION = YES;
				CLANG_WARN_DIRECT_OBJC_ISA_USAGE = YES_ERROR;
				CLANG_WARN_EMPTY_BODY = YES;
				CLANG_WARN_ENUM_CONVERSION = YES;
				CLANG_WARN_INT_CONVERSION = YES;
				CLANG_WARN_OBJC_ROOT_CLASS = YES_ERROR;
				CLANG_WARN_UNREACHABLE_CODE = YES;
				CLANG_WARN__DUPLICATE_METHOD_MATCH = YES;
				"CODE_SIGN_IDENTITY[sdk=iphoneos*]" = "iPhone Developer";
				COPY_PHASE_STRIP = YES;
				ENABLE_NS_ASSERTIONS = NO;
				ENABLE_STRICT_OBJC_MSGSEND = YES;
				GCC_C_LANGUAGE_STANDARD = gnu99;
				GCC_WARN_64_TO_32_BIT_CONVERSION = YES;
				GCC_WARN_ABOUT_RETURN_TYPE = YES_ERROR;
				GCC_WARN_UNDECLARED_SELECTOR = YES;
				GCC_WARN_UNINITIALIZED_AUTOS = YES_AGGRESSIVE;
				GCC_WARN_UNUSED_FUNCTION = YES;
				GCC_WARN_UNUSED_VARIABLE = YES;
				IPHONEOS_DEPLOYMENT_TARGET = 8.1;
				MTL_ENABLE_DEBUG_INFO = NO;
				SDKROOT = iphoneos;
				TARGETED_DEVICE_FAMILY = "1,2";
				VALIDATE_PRODUCT = YES;
			};
			name = Release;
		};
		F1D5649F1A6C6030002692BD /* Debug */ = {
			isa = XCBuildConfiguration;
			buildSettings = {
				ASSETCATALOG_COMPILER_APPICON_NAME = AppIcon;
				GCC_PREFIX_HEADER = "SearchTweets/Other/SearchTweets-Prefix.pch";
				HEADER_SEARCH_PATHS = (
					"$(PROJECT_DIR)/SearchTweets/External/FMDB/src/",
					"$(PROJECT_DIR)/SearchTweets/External/OAuthConsumer/src/",
					"$(PROJECT_DIR)/SearchTweets/External/OAuthConsumer/src/Categories/",
					"$(PROJECT_DIR)/SearchTweets/External/OAuthConsumer/src/Crypto/",
				);
				INFOPLIST_FILE = SearchTweets/Other/Info.plist;
				LD_RUNPATH_SEARCH_PATHS = "$(inherited) @executable_path/Frameworks";
				LIBRARY_SEARCH_PATHS = (
					"$(inherited)",
					"$(SDKROOT)/usr/lib/system",
				);
				OTHER_LDFLAGS = "-ObjC";
				PRODUCT_NAME = "$(TARGET_NAME)";
			};
			name = Debug;
		};
		F1D564A01A6C6030002692BD /* Release */ = {
			isa = XCBuildConfiguration;
			buildSettings = {
				ASSETCATALOG_COMPILER_APPICON_NAME = AppIcon;
				GCC_PREFIX_HEADER = "SearchTweets/Other/SearchTweets-Prefix.pch";
				HEADER_SEARCH_PATHS = (
					"$(PROJECT_DIR)/SearchTweets/External/FMDB/src/",
					"$(PROJECT_DIR)/SearchTweets/External/OAuthConsumer/src/",
					"$(PROJECT_DIR)/SearchTweets/External/OAuthConsumer/src/Categories/",
					"$(PROJECT_DIR)/SearchTweets/External/OAuthConsumer/src/Crypto/",
				);
				INFOPLIST_FILE = SearchTweets/Other/Info.plist;
				LD_RUNPATH_SEARCH_PATHS = "$(inherited) @executable_path/Frameworks";
				LIBRARY_SEARCH_PATHS = (
					"$(inherited)",
					"$(SDKROOT)/usr/lib/system",
				);
				OTHER_LDFLAGS = "-ObjC";
				PRODUCT_NAME = "$(TARGET_NAME)";
			};
			name = Release;
		};
		F1D564A21A6C6030002692BD /* Debug */ = {
			isa = XCBuildConfiguration;
			buildSettings = {
				BUNDLE_LOADER = "$(TEST_HOST)";
				FRAMEWORK_SEARCH_PATHS = (
					"$(SDKROOT)/Developer/Library/Frameworks",
					"$(inherited)",
				);
				GCC_PREPROCESSOR_DEFINITIONS = (
					"DEBUG=1",
					"$(inherited)",
				);
				INFOPLIST_FILE = SearchTweetsTests/Info.plist;
				LD_RUNPATH_SEARCH_PATHS = "$(inherited) @executable_path/Frameworks @loader_path/Frameworks";
				PRODUCT_NAME = "$(TARGET_NAME)";
				TEST_HOST = "$(BUILT_PRODUCTS_DIR)/SearchTweets.app/SearchTweets";
			};
			name = Debug;
		};
		F1D564A31A6C6030002692BD /* Release */ = {
			isa = XCBuildConfiguration;
			buildSettings = {
				BUNDLE_LOADER = "$(TEST_HOST)";
				FRAMEWORK_SEARCH_PATHS = (
					"$(SDKROOT)/Developer/Library/Frameworks",
					"$(inherited)",
				);
				INFOPLIST_FILE = SearchTweetsTests/Info.plist;
				LD_RUNPATH_SEARCH_PATHS = "$(inherited) @executable_path/Frameworks @loader_path/Frameworks";
				PRODUCT_NAME = "$(TARGET_NAME)";
				TEST_HOST = "$(BUILT_PRODUCTS_DIR)/SearchTweets.app/SearchTweets";
			};
			name = Release;
		};
/* End XCBuildConfiguration section */

/* Begin XCConfigurationList section */
		F1D564731A6C6030002692BD /* Build configuration list for PBXProject "SearchTweets" */ = {
			isa = XCConfigurationList;
			buildConfigurations = (
				F1D5649C1A6C6030002692BD /* Debug */,
				F1D5649D1A6C6030002692BD /* Release */,
			);
			defaultConfigurationIsVisible = 0;
			defaultConfigurationName = Release;
		};
		F1D5649E1A6C6030002692BD /* Build configuration list for PBXNativeTarget "SearchTweets" */ = {
			isa = XCConfigurationList;
			buildConfigurations = (
				F1D5649F1A6C6030002692BD /* Debug */,
				F1D564A01A6C6030002692BD /* Release */,
			);
			defaultConfigurationIsVisible = 0;
			defaultConfigurationName = Release;
		};
		F1D564A11A6C6030002692BD /* Build configuration list for PBXNativeTarget "SearchTweetsTests" */ = {
			isa = XCConfigurationList;
			buildConfigurations = (
				F1D564A21A6C6030002692BD /* Debug */,
				F1D564A31A6C6030002692BD /* Release */,
			);
			defaultConfigurationIsVisible = 0;
			defaultConfigurationName = Release;
		};
/* End XCConfigurationList section */
	};
	rootObject = F1D564701A6C6030002692BD /* Project object */;
}
